
Microsoft Visual Studio Solution File, Format Version 12.00
# Visual Studio Version 17
VisualStudioVersion = 17.6.33801.468
MinimumVisualStudioVersion = 10.0.40219.1
Project("{9A19103F-16F7-4668-BE54-9A1E7A4F7556}") = "CapaDatos", "CapaDatos\CapaDatos.csproj", "{8872D7AF-4969-497F-8244-A7CCD47F1B43}"
EndProject
Project("{9A19103F-16F7-4668-BE54-9A1E7A4F7556}") = "CapaNegocio", "CapaNegocio\CapaNegocio.csproj", "{87C2EAE5-DA0F-4C47-BABD-7C7BA1EAB317}"
EndProject
Project("{9A19103F-16F7-4668-BE54-9A1E7A4F7556}") = "CapaEntidad", "CapaEntidad\CapaEntidad.csproj", "{8B0C9195-02DE-4BD1-8856-E46616767BA8}"
EndProject
Project("{FAE04EC0-301F-11D3-BF4B-00C04F79EFBC}") = "CapaPresentacion", "CapaPresentacion\CapaPresentacion.csproj", "{C7E19530-5E58-487B-B3A7-2B4988C52058}"
EndProject
Project("{2150E333-8FDC-42A3-9474-1A3956D46DE8}") = "Solution Items", "Solution Items", "{E2762FC4-16C1-4ECA-92B0-14D51CA52C24}"
	ProjectSection(SolutionItems) = preProject
		.editorconfig = .editorconfig
	EndProjectSection
EndProject
Global
	GlobalSection(SolutionConfigurationPlatforms) = preSolution
		Debug|Any CPU = Debug|Any CPU
		Release|Any CPU = Release|Any CPU
	EndGlobalSection
	GlobalSection(ProjectConfigurationPlatforms) = postSolution
		{8872D7AF-4969-497F-8244-A7CCD47F1B43}.Debug|Any CPU.ActiveCfg = Debug|Any CPU
		{8872D7AF-4969-497F-8244-A7CCD47F1B43}.Debug|Any CPU.Build.0 = Debug|Any CPU
		{8872D7AF-4969-497F-8244-A7CCD47F1B43}.Release|Any CPU.ActiveCfg = Release|Any CPU
		{8872D7AF-4969-497F-8244-A7CCD47F1B43}.Release|Any CPU.Build.0 = Release|Any CPU
		{87C2EAE5-DA0F-4C47-BABD-7C7BA1EAB317}.Debug|Any CPU.ActiveCfg = Debug|Any CPU
		{87C2EAE5-DA0F-4C47-BABD-7C7BA1EAB317}.Debug|Any CPU.Build.0 = Debug|Any CPU
		{87C2EAE5-DA0F-4C47-BABD-7C7BA1EAB317}.Release|Any CPU.ActiveCfg = Release|Any CPU
		{87C2EAE5-DA0F-4C47-BABD-7C7BA1EAB317}.Release|Any CPU.Build.0 = Release|Any CPU
		{8B0C9195-02DE-4BD1-8856-E46616767BA8}.Debug|Any CPU.ActiveCfg = Debug|Any CPU
		{8B0C9195-02DE-4BD1-8856-E46616767BA8}.Debug|Any CPU.Build.0 = Debug|Any CPU
		{8B0C9195-02DE-4BD1-8856-E46616767BA8}.Release|Any CPU.ActiveCfg = Release|Any CPU
		{8B0C9195-02DE-4BD1-8856-E46616767BA8}.Release|Any CPU.Build.0 = Release|Any CPU
		{C7E19530-5E58-487B-B3A7-2B4988C52058}.Debug|Any CPU.ActiveCfg = Debug|Any CPU
		{C7E19530-5E58-487B-B3A7-2B4988C52058}.Debug|Any CPU.Build.0 = Debug|Any CPU
		{C7E19530-5E58-487B-B3A7-2B4988C52058}.Release|Any CPU.ActiveCfg = Release|Any CPU
		{C7E19530-5E58-487B-B3A7-2B4988C52058}.Release|Any CPU.Build.0 = Release|Any CPU
	EndGlobalSection
	GlobalSection(SolutionProperties) = preSolution
		HideSolutionNode = FALSE
	EndGlobalSection
	GlobalSection(ExtensibilityGlobals) = postSolution
		SolutionGuid = {4579F7D2-9080-44B4-B567-A0B3A970DF7A}
	EndGlobalSection
EndGlobal
